
Microsoft Visual Studio Solution File, Format Version 12.00
# Visual Studio Version 17
VisualStudioVersion = 17.13.35828.75 d17.13
MinimumVisualStudioVersion = 10.0.40219.1
Project("{FAE04EC0-301F-11D3-BF4B-00C04F79EFBC}") = "AssemblyService", "AssemblyService.csproj", "{2A75DD8D-FDD2-44B3-9EB4-AB06BA4246D9}"
EndProject
Global
	GlobalSection(SolutionConfigurationPlatforms) = preSolution
		Debug|Any CPU = Debug|Any CPU
		Release|Any CPU = Release|Any CPU
	EndGlobalSection
	GlobalSection(ProjectConfigurationPlatforms) = postSolution
		{2A75DD8D-FDD2-44B3-9EB4-AB06BA4246D9}.Debug|Any CPU.ActiveCfg = Debug|Any CPU
		{2A75DD8D-FDD2-44B3-9EB4-AB06BA4246D9}.Debug|Any CPU.Build.0 = Debug|Any CPU
		{2A75DD8D-FDD2-44B3-9EB4-AB06BA4246D9}.Release|Any CPU.ActiveCfg = Release|Any CPU
		{2A75DD8D-FDD2-44B3-9EB4-AB06BA4246D9}.Release|Any CPU.Build.0 = Release|Any CPU
	EndGlobalSection
	GlobalSection(SolutionProperties) = preSolution
		HideSolutionNode = FALSE
	EndGlobalSection
	GlobalSection(ExtensibilityGlobals) = postSolution
		SolutionGuid = {7B7BB18C-DE2F-41A8-8360-D05E7BF93002}
	EndGlobalSection
EndGlobal
